// !$*UTF8*$!
{
	archiveVersion = 1;
	classes = {
	};
	objectVersion = 46;
	objects = {

/* Begin PBXBuildFile section */
		9F66114E1D935619005438A8 /* AppDelegate.swift in Sources */ = {isa = PBXBuildFile; fileRef = 9F66114D1D935619005438A8 /* AppDelegate.swift */; };
		9F6611501D935619005438A8 /* ViewController.swift in Sources */ = {isa = PBXBuildFile; fileRef = 9F66114F1D935619005438A8 /* ViewController.swift */; };
		9F6611531D935619005438A8 /* Main.storyboard in Resources */ = {isa = PBXBuildFile; fileRef = 9F6611511D935619005438A8 /* Main.storyboard */; };
		9F6611551D935619005438A8 /* Assets.xcassets in Resources */ = {isa = PBXBuildFile; fileRef = 9F6611541D935619005438A8 /* Assets.xcassets */; };
		9F6611581D935619005438A8 /* LaunchScreen.storyboard in Resources */ = {isa = PBXBuildFile; fileRef = 9F6611561D935619005438A8 /* LaunchScreen.storyboard */; };
		9F6611621D9356EC005438A8 /* AHTagView.swift in Sources */ = {isa = PBXBuildFile; fileRef = 9F6611611D9356EC005438A8 /* AHTagView.swift */; };
		9F6611641D935CCE005438A8 /* AHTagsLabel.swift in Sources */ = {isa = PBXBuildFile; fileRef = 9F6611631D935CCE005438A8 /* AHTagsLabel.swift */; };
		9F6611671D935FD2005438A8 /* AHTagTableViewCell.swift in Sources */ = {isa = PBXBuildFile; fileRef = 9F6611651D935FD2005438A8 /* AHTagTableViewCell.swift */; };
		9F6611681D935FD2005438A8 /* AHTagTableViewCell.xib in Resources */ = {isa = PBXBuildFile; fileRef = 9F6611661D935FD2005438A8 /* AHTagTableViewCell.xib */; };
		9FBFA4651DD7F25600429360 /* TagGroups.json in Resources */ = {isa = PBXBuildFile; fileRef = 9FBFA4641DD7F25600429360 /* TagGroups.json */; };
/* End PBXBuildFile section */

/* Begin PBXFileReference section */
		9F66114A1D935619005438A8 /* AutomaticHeightTagTableViewCell.app */ = {isa = PBXFileReference; explicitFileType = wrapper.application; includeInIndex = 0; path = AutomaticHeightTagTableViewCell.app; sourceTree = BUILT_PRODUCTS_DIR; };
		9F66114D1D935619005438A8 /* AppDelegate.swift */ = {isa = PBXFileReference; lastKnownFileType = sourcecode.swift; path = AppDelegate.swift; sourceTree = "<group>"; };
		9F66114F1D935619005438A8 /* ViewController.swift */ = {isa = PBXFileReference; lastKnownFileType = sourcecode.swift; path = ViewController.swift; sourceTree = "<group>"; };
		9F6611521D935619005438A8 /* Base */ = {isa = PBXFileReference; lastKnownFileType = file.storyboard; name = Base; path = Base.lproj/Main.storyboard; sourceTree = "<group>"; };
		9F6611541D935619005438A8 /* Assets.xcassets */ = {isa = PBXFileReference; lastKnownFileType = folder.assetcatalog; path = Assets.xcassets; sourceTree = "<group>"; };
		9F6611571D935619005438A8 /* Base */ = {isa = PBXFileReference; lastKnownFileType = file.storyboard; name = Base; path = Base.lproj/LaunchScreen.storyboard; sourceTree = "<group>"; };
		9F6611591D935619005438A8 /* Info.plist */ = {isa = PBXFileReference; lastKnownFileType = text.plist.xml; path = Info.plist; sourceTree = "<group>"; };
		9F6611611D9356EC005438A8 /* AHTagView.swift */ = {isa = PBXFileReference; fileEncoding = 4; lastKnownFileType = sourcecode.swift; path = AHTagView.swift; sourceTree = "<group>"; };
		9F6611631D935CCE005438A8 /* AHTagsLabel.swift */ = {isa = PBXFileReference; fileEncoding = 4; lastKnownFileType = sourcecode.swift; path = AHTagsLabel.swift; sourceTree = "<group>"; };
		9F6611651D935FD2005438A8 /* AHTagTableViewCell.swift */ = {isa = PBXFileReference; fileEncoding = 4; lastKnownFileType = sourcecode.swift; path = AHTagTableViewCell.swift; sourceTree = "<group>"; };
		9F6611661D935FD2005438A8 /* AHTagTableViewCell.xib */ = {isa = PBXFileReference; fileEncoding = 4; lastKnownFileType = file.xib; path = AHTagTableViewCell.xib; sourceTree = "<group>"; };
		9FBFA4641DD7F25600429360 /* TagGroups.json */ = {isa = PBXFileReference; fileEncoding = 4; lastKnownFileType = text.json; path = TagGroups.json; sourceTree = "<group>"; };
/* End PBXFileReference section */

/* Begin PBXFrameworksBuildPhase section */
		9F6611471D935619005438A8 /* Frameworks */ = {
			isa = PBXFrameworksBuildPhase;
			buildActionMask = 2147483647;
			files = (
			);
			runOnlyForDeploymentPostprocessing = 0;
		};
/* End PBXFrameworksBuildPhase section */

/* Begin PBXGroup section */
		9F6611411D935619005438A8 = {
			isa = PBXGroup;
			children = (
				9F66114C1D935619005438A8 /* AutomaticHeightTagTableViewCell */,
				9F66114B1D935619005438A8 /* Products */,
			);
			sourceTree = "<group>";
		};
		9F66114B1D935619005438A8 /* Products */ = {
			isa = PBXGroup;
			children = (
				9F66114A1D935619005438A8 /* AutomaticHeightTagTableViewCell.app */,
			);
			name = Products;
			sourceTree = "<group>";
		};
		9F66114C1D935619005438A8 /* AutomaticHeightTagTableViewCell */ = {
			isa = PBXGroup;
			children = (
				9F66115F1D9356CA005438A8 /* Models */,
				9F6611601D9356CA005438A8 /* Views */,
				9F66114D1D935619005438A8 /* AppDelegate.swift */,
				9F66114F1D935619005438A8 /* ViewController.swift */,
				9F6611511D935619005438A8 /* Main.storyboard */,
				9F6611541D935619005438A8 /* Assets.xcassets */,
				9F6611561D935619005438A8 /* LaunchScreen.storyboard */,
				9F6611591D935619005438A8 /* Info.plist */,
			);
			path = AutomaticHeightTagTableViewCell;
			sourceTree = "<group>";
		};
		9F66115F1D9356CA005438A8 /* Models */ = {
			isa = PBXGroup;
			children = (
				9FBFA4641DD7F25600429360 /* TagGroups.json */,
			);
			path = Models;
			sourceTree = "<group>";
		};
		9F6611601D9356CA005438A8 /* Views */ = {
			isa = PBXGroup;
			children = (
				9F6611611D9356EC005438A8 /* AHTagView.swift */,
				9F6611631D935CCE005438A8 /* AHTagsLabel.swift */,
				9F6611651D935FD2005438A8 /* AHTagTableViewCell.swift */,
				9F6611661D935FD2005438A8 /* AHTagTableViewCell.xib */,
			);
			path = Views;
			sourceTree = "<group>";
		};
/* End PBXGroup section */

/* Begin PBXNativeTarget section */
		9F6611491D935619005438A8 /* AutomaticHeightTagTableViewCell */ = {
			isa = PBXNativeTarget;
			buildConfigurationList = 9F66115C1D935619005438A8 /* Build configuration list for PBXNativeTarget "AutomaticHeightTagTableViewCell" */;
			buildPhases = (
				9F6611461D935619005438A8 /* Sources */,
				9F6611471D935619005438A8 /* Frameworks */,
				9F6611481D935619005438A8 /* Resources */,
			);
			buildRules = (
			);
			dependencies = (
			);
			name = AutomaticHeightTagTableViewCell;
			productName = AutomaticHeightTagTableViewCell;
			productReference = 9F66114A1D935619005438A8 /* AutomaticHeightTagTableViewCell.app */;
			productType = "com.apple.product-type.application";
		};
/* End PBXNativeTarget section */

/* Begin PBXProject section */
		9F6611421D935619005438A8 /* Project object */ = {
			isa = PBXProject;
			attributes = {
				LastSwiftUpdateCheck = 0800;
				LastUpgradeCheck = 0810;
				ORGANIZATIONNAME = "Cold Yam";
				TargetAttributes = {
					9F6611491D935619005438A8 = {
						CreatedOnToolsVersion = 8.0;
						ProvisioningStyle = Automatic;
					};
				};
			};
			buildConfigurationList = 9F6611451D935619005438A8 /* Build configuration list for PBXProject "AutomaticHeightTagTableViewCell" */;
			compatibilityVersion = "Xcode 3.2";
			developmentRegion = English;
			hasScannedForEncodings = 0;
			knownRegions = (
				en,
				Base,
			);
			mainGroup = 9F6611411D935619005438A8;
			productRefGroup = 9F66114B1D935619005438A8 /* Products */;
			projectDirPath = "";
			projectRoot = "";
			targets = (
				9F6611491D935619005438A8 /* AutomaticHeightTagTableViewCell */,
			);
		};
/* End PBXProject section */

/* Begin PBXResourcesBuildPhase section */
		9F6611481D935619005438A8 /* Resources */ = {
			isa = PBXResourcesBuildPhase;
			buildActionMask = 2147483647;
			files = (
				9F6611581D935619005438A8 /* LaunchScreen.storyboard in Resources */,
				9F6611551D935619005438A8 /* Assets.xcassets in Resources */,
				9F6611531D935619005438A8 /* Main.storyboard in Resources */,
				9F6611681D935FD2005438A8 /* AHTagTableViewCell.xib in Resources */,
				9FBFA4651DD7F25600429360 /* TagGroups.json in Resources */,
			);
			runOnlyForDeploymentPostprocessing = 0;
		};
/* End PBXResourcesBuildPhase section */

/* Begin PBXSourcesBuildPhase section */
		9F6611461D935619005438A8 /* Sources */ = {
			isa = PBXSourcesBuildPhase;
			buildActionMask = 2147483647;
			files = (
				9F6611641D935CCE005438A8 /* AHTagsLabel.swift in Sources */,
				9F6611671D935FD2005438A8 /* AHTagTableViewCell.swift in Sources */,
				9F6611501D935619005438A8 /* ViewController.swift in Sources */,
				9F6611621D9356EC005438A8 /* AHTagView.swift in Sources */,
				9F66114E1D935619005438A8 /* AppDelegate.swift in Sources */,
			);
			runOnlyForDeploymentPostprocessing = 0;
		};
/* End PBXSourcesBuildPhase section */

/* Begin PBXVariantGroup section */
		9F6611511D935619005438A8 /* Main.storyboard */ = {
			isa = PBXVariantGroup;
			children = (
				9F6611521D935619005438A8 /* Base */,
			);
			name = Main.storyboard;
			sourceTree = "<group>";
		};
		9F6611561D935619005438A8 /* LaunchScreen.storyboard */ = {
			isa = PBXVariantGroup;
			children = (
				9F6611571D935619005438A8 /* Base */,
			);
			name = LaunchScreen.storyboard;
			sourceTree = "<group>";
		};
/* End PBXVariantGroup section */

/* Begin XCBuildConfiguration section */
		9F66115A1D935619005438A8 /* Debug */ = {
			isa = XCBuildConfiguration;
			buildSettings = {
				ALWAYS_SEARCH_USER_PATHS = NO;
				CLANG_ANALYZER_NONNULL = YES;
				CLANG_CXX_LANGUAGE_STANDARD = "gnu++0x";
				CLANG_CXX_LIBRARY = "libc++";
				CLANG_ENABLE_MODULES = YES;
				CLANG_ENABLE_OBJC_ARC = YES;
				CLANG_WARN_BOOL_CONVERSION = YES;
				CLANG_WARN_CONSTANT_CONVERSION = YES;
				CLANG_WARN_DIRECT_OBJC_ISA_USAGE = YES_ERROR;
				CLANG_WARN_DOCUMENTATION_COMMENTS = YES;
				CLANG_WARN_EMPTY_BODY = YES;
				CLANG_WARN_ENUM_CONVERSION = YES;
				CLANG_WARN_INFINITE_RECURSION = YES;
				CLANG_WARN_INT_CONVERSION = YES;
				CLANG_WARN_OBJC_ROOT_CLASS = YES_ERROR;
				CLANG_WARN_SUSPICIOUS_MOVE = YES;
				CLANG_WARN_SUSPICIOUS_MOVES = YES;
				CLANG_WARN_UNREACHABLE_CODE = YES;
				CLANG_WARN__DUPLICATE_METHOD_MATCH = YES;
				"CODE_SIGN_IDENTITY[sdk=iphoneos*]" = "iPhone Developer";
				COPY_PHASE_STRIP = NO;
				DEBUG_INFORMATION_FORMAT = dwarf;
				ENABLE_STRICT_OBJC_MSGSEND = YES;
				ENABLE_TESTABILITY = YES;
				GCC_C_LANGUAGE_STANDARD = gnu99;
				GCC_DYNAMIC_NO_PIC = NO;
				GCC_NO_COMMON_BLOCKS = YES;
				GCC_OPTIMIZATION_LEVEL = 0;
				GCC_PREPROCESSOR_DEFINITIONS = (
					"DEBUG=1",
					"$(inherited)",
				);
				GCC_WARN_64_TO_32_BIT_CONVERSION = YES;
				GCC_WARN_ABOUT_RETURN_TYPE = YES_ERROR;
				GCC_WARN_UNDECLARED_SELECTOR = YES;
				GCC_WARN_UNINITIALIZED_AUTOS = YES_AGGRESSIVE;
				GCC_WARN_UNUSED_FUNCTION = YES;
				GCC_WARN_UNUSED_VARIABLE = YES;
				IPHONEOS_DEPLOYMENT_TARGET = 10.0;
				MTL_ENABLE_DEBUG_INFO = YES;
				ONLY_ACTIVE_ARCH = YES;
				SDKROOT = iphoneos;
				SWIFT_ACTIVE_COMPILATION_CONDITIONS = DEBUG;
				SWIFT_OPTIMIZATION_LEVEL = "-Onone";
			};
			name = Debug;
		};
		9F66115B1D935619005438A8 /* Release */ = {
			isa = XCBuildConfiguration;
			buildSettings = {
				ALWAYS_SEARCH_USER_PATHS = NO;
				CLANG_ANALYZER_NONNULL = YES;
				CLANG_CXX_LANGUAGE_STANDARD = "gnu++0x";
				CLANG_CXX_LIBRARY = "libc++";
				CLANG_ENABLE_MODULES = YES;
				CLANG_ENABLE_OBJC_ARC = YES;
				CLANG_WARN_BOOL_CONVERSION = YES;
				CLANG_WARN_CONSTANT_CONVERSION = YES;
				CLANG_WARN_DIRECT_OBJC_ISA_USAGE = YES_ERROR;
				CLANG_WARN_DOCUMENTATION_COMMENTS = YES;
				CLANG_WARN_EMPTY_BODY = YES;
				CLANG_WARN_ENUM_CONVERSION = YES;
				CLANG_WARN_INFINITE_RECURSION = YES;
				CLANG_WARN_INT_CONVERSION = YES;
				CLANG_WARN_OBJC_ROOT_CLASS = YES_ERROR;
				CLANG_WARN_SUSPICIOUS_MOVE = YES;
				CLANG_WARN_SUSPICIOUS_MOVES = YES;
				CLANG_WARN_UNREACHABLE_CODE = YES;
				CLANG_WARN__DUPLICATE_METHOD_MATCH = YES;
				"CODE_SIGN_IDENTITY[sdk=iphoneos*]" = "iPhone Developer";
				COPY_PHASE_STRIP = NO;
				DEBUG_INFORMATION_FORMAT = "dwarf-with-dsym";
				ENABLE_NS_ASSERTIONS = NO;
				ENABLE_STRICT_OBJC_MSGSEND = YES;
				GCC_C_LANGUAGE_STANDARD = gnu99;
				GCC_NO_COMMON_BLOCKS = YES;
				GCC_WARN_64_TO_32_BIT_CONVERSION = YES;
				GCC_WARN_ABOUT_RETURN_TYPE = YES_ERROR;
				GCC_WARN_UNDECLARED_SELECTOR = YES;
				GCC_WARN_UNINITIALIZED_AUTOS = YES_AGGRESSIVE;
				GCC_WARN_UNUSED_FUNCTION = YES;
				GCC_WARN_UNUSED_VARIABLE = YES;
				IPHONEOS_DEPLOYMENT_TARGET = 10.0;
				MTL_ENABLE_DEBUG_INFO = NO;
				SDKROOT = iphoneos;
				SWIFT_OPTIMIZATION_LEVEL = "-Owholemodule";
				VALIDATE_PRODUCT = YES;
			};
			name = Release;
		};
		9F66115D1D935619005438A8 /* Debug */ = {
			isa = XCBuildConfiguration;
			buildSettings = {
				ASSETCATALOG_COMPILER_APPICON_NAME = AppIcon;
				INFOPLIST_FILE = AutomaticHeightTagTableViewCell/Info.plist;
				LD_RUNPATH_SEARCH_PATHS = "$(inherited) @executable_path/Frameworks";
				PRODUCT_BUNDLE_IDENTIFIER = com.weijen.AutomaticHeightTagTableViewCell;
				PRODUCT_NAME = "$(TARGET_NAME)";
				SWIFT_VERSION = 3.0;
			};
			name = Debug;
		};
		9F66115E1D935619005438A8 /* Release */ = {
			isa = XCBuildConfiguration;
			buildSettings = {
				ASSETCATALOG_COMPILER_APPICON_NAME = AppIcon;
				INFOPLIST_FILE = AutomaticHeightTagTableViewCell/Info.plist;
				LD_RUNPATH_SEARCH_PATHS = "$(inherited) @executable_path/Frameworks";
				PRODUCT_BUNDLE_IDENTIFIER = com.weijen.AutomaticHeightTagTableViewCell;
				PRODUCT_NAME = "$(TARGET_NAME)";
				SWIFT_VERSION = 3.0;
			};
			name = Release;
		};
/* End XCBuildConfiguration section */

/* Begin XCConfigurationList section */
		9F6611451D935619005438A8 /* Build configuration list for PBXProject "AutomaticHeightTagTableViewCell" */ = {
			isa = XCConfigurationList;
			buildConfigurations = (
				9F66115A1D935619005438A8 /* Debug */,
				9F66115B1D935619005438A8 /* Release */,
			);
			defaultConfigurationIsVisible = 0;
			defaultConfigurationName = Release;
		};
		9F66115C1D935619005438A8 /* Build configuration list for PBXNativeTarget "AutomaticHeightTagTableViewCell" */ = {
			isa = XCConfigurationList;
			buildConfigurations = (
				9F66115D1D935619005438A8 /* Debug */,
				9F66115E1D935619005438A8 /* Release */,
			);
			defaultConfigurationIsVisible = 0;
			defaultConfigurationName = Release;
		};
/* End XCConfigurationList section */
	};
	rootObject = 9F6611421D935619005438A8 /* Project object */;
}
